{
  "nodes": {
    "agenix": {
      "inputs": {
        "darwin": [],
        "home-manager": [],
        "nixpkgs": [
          "nixpkgs"
        ],
        "systems": [
          "systems"
        ]
      },
      "locked": {
        "lastModified": 1750173260,
        "narHash": "sha256-9P1FziAwl5+3edkfFcr5HeGtQUtrSdk/MksX39GieoA=",
        "owner": "ryantm",
        "repo": "agenix",
        "rev": "531beac616433bac6f9e2a19feb8e99a22a66baf",
        "type": "github"
      },
      "original": {
        "owner": "ryantm",
        "repo": "agenix",
        "type": "github"
      }
    },
    "basix": {
      "inputs": {
        "flake-compat": [
          "flake-compat"
        ],
        "flake-parts": [
          "flake-parts"
        ],
        "nixpkgs": [
          "nixpkgs"
        ]
      },
      "locked": {
        "lastModified": 1749872794,
        "narHash": "sha256-jCIcJ6a0MotWZ36JsucroLZKBYku3yRAW/PR+ejlgmM=",
        "owner": "notashelf",
        "repo": "basix",
        "rev": "da518e28c4f3c15dbee4f49017cc19ebe3056dbf",
        "type": "github"
      },
      "original": {
        "owner": "notashelf",
        "repo": "basix",
        "type": "github"
      }
    },
    "bzmenu": {
      "inputs": {
        "flake-utils": [
          "flake-utils"
        ],
        "nixpkgs": [
          "nixpkgs"
        ],
        "rust-overlay": [
          "rust-overlay"
        ]
      },
      "locked": {
        "lastModified": 1748611268,
        "narHash": "sha256-c4tmqz/22nG52B7ojitZUjNMK88RRnz2OPVzNEeN74M=",
        "owner": "e-tho",
        "repo": "bzmenu",
        "rev": "90d0da3fce6e2c9c7fde307624a24dbcf16b1e0c",
        "type": "github"
      },
      "original": {
        "owner": "e-tho",
        "repo": "bzmenu",
        "type": "github"
      }
    },
    "flake-compat": {
      "locked": {
        "lastModified": 1747046372,
        "narHash": "sha256-CIVLLkVgvHYbgI2UpXvIIBJ12HWgX+fjA8Xf8PUmqCY=",
        "owner": "edolstra",
        "repo": "flake-compat",
        "rev": "9100a0f413b0c601e0533d1d94ffd501ce2e7885",
        "type": "github"
      },
      "original": {
        "owner": "edolstra",
        "repo": "flake-compat",
        "type": "github"
      }
    },
    "flake-parts": {
      "inputs": {
        "nixpkgs-lib": "nixpkgs-lib"
      },
      "locked": {
        "lastModified": 1749398372,
        "narHash": "sha256-tYBdgS56eXYaWVW3fsnPQ/nFlgWi/Z2Ymhyu21zVM98=",
        "owner": "hercules-ci",
        "repo": "flake-parts",
        "rev": "9305fe4e5c2a6fcf5ba6a3ff155720fbe4076569",
        "type": "github"
      },
      "original": {
        "owner": "hercules-ci",
        "repo": "flake-parts",
        "type": "github"
      }
    },
    "flake-utils": {
      "inputs": {
        "systems": [
          "systems"
        ]
      },
      "locked": {
        "lastModified": 1731533236,
        "narHash": "sha256-l0KFg5HjrsfsO/JpG+r7fRrqm12kzFHyUHqHCVpMMbI=",
        "owner": "numtide",
        "repo": "flake-utils",
        "rev": "11707dc2f618dd54ca8739b309ec4fc024de578b",
        "type": "github"
      },
      "original": {
        "owner": "numtide",
        "repo": "flake-utils",
        "type": "github"
      }
    },
    "git-hooks": {
      "inputs": {
        "flake-compat": [
          "flake-compat"
        ],
        "gitignore": "gitignore",
        "nixpkgs": [
          "nixpkgs"
        ]
      },
      "locked": {
        "lastModified": 1750779888,
        "narHash": "sha256-wibppH3g/E2lxU43ZQHC5yA/7kIKLGxVEnsnVK1BtRg=",
        "owner": "cachix",
        "repo": "git-hooks.nix",
        "rev": "16ec914f6fb6f599ce988427d9d94efddf25fe6d",
        "type": "github"
      },
      "original": {
        "owner": "cachix",
        "repo": "git-hooks.nix",
        "type": "github"
      }
    },
    "gitignore": {
      "inputs": {
        "nixpkgs": [
          "git-hooks",
          "nixpkgs"
        ]
      },
      "locked": {
        "lastModified": 1709087332,
        "narHash": "sha256-HG2cCnktfHsKV0s4XW83gU3F57gaTljL9KNSuG6bnQs=",
        "owner": "hercules-ci",
        "repo": "gitignore.nix",
        "rev": "637db329424fd7e46cf4185293b9cc8c88c95394",
        "type": "github"
      },
      "original": {
        "owner": "hercules-ci",
        "repo": "gitignore.nix",
        "type": "github"
      }
    },
    "hjem": {
      "inputs": {
        "nixpkgs": [
          "nixpkgs"
        ],
        "smfh": "smfh"
      },
      "locked": {
        "lastModified": 1750342922,
        "narHash": "sha256-TykbfwTCFBL9yk0/xYwOEbHWA83JIQt4ocunMBEyuJE=",
        "owner": "feel-co",
        "repo": "hjem",
        "rev": "26c5ebaad2b2cfeaf6cf360952f5fe8876326c80",
        "type": "github"
      },
      "original": {
        "owner": "feel-co",
        "repo": "hjem",
        "type": "github"
      }
    },
    "hjem-rum": {
      "inputs": {
        "hjem": [
          "hjem"
        ],
        "ndg": [
          "ndg"
        ],
        "nixpkgs": [
          "nixpkgs"
        ],
        "treefmt-nix": [
          "treefmt-nix"
        ]
      },
      "locked": {
        "lastModified": 1750378130,
        "narHash": "sha256-WsZvQJi0++puVPfnoz77dnBkOK7jCTba1K3/3VUIloo=",
        "owner": "snugnug",
        "repo": "hjem-rum",
        "rev": "3c4df802cc07eec156e53b285859458cf3cb63d4",
        "type": "github"
      },
      "original": {
        "owner": "snugnug",
        "repo": "hjem-rum",
        "type": "github"
      }
    },
    "impermanence": {
      "locked": {
        "lastModified": 1737831083,
        "narHash": "sha256-LJggUHbpyeDvNagTUrdhe/pRVp4pnS6wVKALS782gRI=",
        "owner": "nix-community",
        "repo": "impermanence",
        "rev": "4b3e914cdf97a5b536a889e939fb2fd2b043a170",
        "type": "github"
      },
      "original": {
        "owner": "nix-community",
        "repo": "impermanence",
        "type": "github"
      }
    },
    "iwmenu": {
      "inputs": {
        "flake-utils": [
          "flake-utils"
        ],
        "nixpkgs": [
          "nixpkgs"
        ],
        "rust-overlay": [
          "rust-overlay"
        ]
      },
      "locked": {
        "lastModified": 1748611214,
        "narHash": "sha256-yBl4jIioxhULgoINShAJtG9eOIiKJdIYxxQZDhH93O0=",
        "owner": "e-tho",
        "repo": "iwmenu",
        "rev": "41096383e00be576b50cb0d24fa380d6dfdfe9f2",
        "type": "github"
      },
      "original": {
        "owner": "e-tho",
        "repo": "iwmenu",
        "type": "github"
      }
    },
    "lunarsLib": {
      "inputs": {
        "nixpkgs": [
          "nixpkgs"
        ]
      },
      "locked": {
        "lastModified": 1750195322,
        "narHash": "sha256-67OMLv4GUTdIjns8KcmIUu45w4LqYcA4oSqiT6a113c=",
        "owner": "lunarnovaa",
        "repo": "lunarslib",
        "rev": "72538e2a761fc13d50e5d0604a2ea9e52a45bcff",
        "type": "github"
      },
      "original": {
        "owner": "lunarnovaa",
        "repo": "lunarslib",
        "type": "github"
      }
    },
    "lunarsLib_2": {
      "inputs": {
        "nixpkgs": [
          "novavim",
          "nixpkgs"
        ]
      },
      "locked": {
        "lastModified": 1749409198,
        "narHash": "sha256-muK3YtgK1k9TxlvNPCz2n7COHaNL9/KsbVjd7EFM+YY=",
        "owner": "Lunarnovaa",
        "repo": "LunarsLib",
        "rev": "4d7abc4e64f373736095d0e46ec1995818678713",
        "type": "github"
      },
      "original": {
        "owner": "Lunarnovaa",
        "repo": "LunarsLib",
        "type": "github"
      }
    },
    "mnw": {
      "locked": {
        "lastModified": 1748710831,
        "narHash": "sha256-eZu2yH3Y2eA9DD3naKWy/sTxYS5rPK2hO7vj8tvUCSU=",
        "owner": "Gerg-L",
        "repo": "mnw",
        "rev": "cff958a4e050f8d917a6ff3a5624bc4681c6187d",
        "type": "github"
      },
      "original": {
        "owner": "Gerg-L",
        "repo": "mnw",
        "type": "github"
      }
    },
    "ndg": {
      "inputs": {
        "flake-compat": [
          "flake-compat"
        ],
        "flake-parts": [
          "flake-parts"
        ],
        "nixpkgs": "nixpkgs"
      },
      "locked": {
        "lastModified": 1751335860,
        "narHash": "sha256-gQVZyu3/P6cdyFecOSb61FURkLpW76QVmOXz6Q8NyRI=",
        "owner": "lunarnovaa",
        "repo": "ndg",
        "rev": "6e3b3986898572e213eff687af5463a70221f46f",
        "type": "github"
      },
      "original": {
        "owner": "lunarnovaa",
        "ref": "improve-toc",
        "repo": "ndg",
        "type": "github"
      }
    },
    "nil": {
      "inputs": {
        "nixpkgs": [
          "nvf",
          "nixpkgs"
        ]
      },
      "locked": {
        "lastModified": 1750047244,
        "narHash": "sha256-vluLARrk4485npdyHOj8XKr0yk6H22pNf+KVRNL+i/Y=",
        "owner": "oxalica",
        "repo": "nil",
        "rev": "870a4b1b5f12004832206703ac15aa85c42c247b",
        "type": "github"
      },
      "original": {
        "owner": "oxalica",
        "repo": "nil",
        "type": "github"
      }
    },
    "nix-minecraft": {
      "inputs": {
        "flake-compat": [
          "flake-compat"
        ],
        "flake-utils": [
          "flake-utils"
        ],
        "nixpkgs": [
          "nixpkgs"
        ]
      },
      "locked": {
        "lastModified": 1750906391,
        "narHash": "sha256-zLR0SM1oUewUpZL+WCF7IgtfxcXw7bRl+P285mkX9Ug=",
        "owner": "Infinidoge",
        "repo": "nix-minecraft",
        "rev": "e8575513ca4495e12073824ebd8bfc88c68ee011",
        "type": "github"
      },
      "original": {
        "owner": "Infinidoge",
        "repo": "nix-minecraft",
        "type": "github"
      }
    },
    "nixos-hardware": {
      "locked": {
        "lastModified": 1750837715,
        "narHash": "sha256-2m1ceZjbmgrJCZ2PuQZaK4in3gcg3o6rZ7WK6dr5vAA=",
        "owner": "NixOS",
        "repo": "nixos-hardware",
        "rev": "98236410ea0fe204d0447149537a924fb71a6d4f",
        "type": "github"
      },
      "original": {
        "owner": "NixOS",
        "ref": "master",
        "repo": "nixos-hardware",
        "type": "github"
      }
    },
    "nixpkgs": {
      "locked": {
        "lastModified": 1745930157,
        "narHash": "sha256-y3h3NLnzRSiUkYpnfvnS669zWZLoqqI6NprtLQ+5dck=",
        "owner": "NixOS",
        "repo": "nixpkgs",
        "rev": "46e634be05ce9dc6d4db8e664515ba10b78151ae",
        "type": "github"
      },
      "original": {
        "owner": "NixOS",
        "ref": "nixos-unstable",
        "repo": "nixpkgs",
        "type": "github"
      }
    },
    "nixpkgs-lib": {
      "locked": {
        "lastModified": 1748740939,
        "narHash": "sha256-rQaysilft1aVMwF14xIdGS3sj1yHlI6oKQNBRTF40cc=",
        "owner": "nix-community",
        "repo": "nixpkgs.lib",
        "rev": "656a64127e9d791a334452c6b6606d17539476e2",
        "type": "github"
      },
      "original": {
        "owner": "nix-community",
        "repo": "nixpkgs.lib",
        "type": "github"
      }
    },
    "nixpkgs_2": {
      "locked": {
        "lastModified": 1750776420,
        "narHash": "sha256-/CG+w0o0oJ5itVklOoLbdn2dGB0wbZVOoDm4np6w09A=",
        "owner": "nixos",
        "repo": "nixpkgs",
        "rev": "30a61f056ac492e3b7cdcb69c1e6abdcf00e39cf",
        "type": "github"
      },
      "original": {
        "owner": "nixos",
        "ref": "nixos-unstable",
        "repo": "nixpkgs",
        "type": "github"
      }
    },
    "novavim": {
      "inputs": {
        "flake-parts": [
          "flake-parts"
        ],
        "lunarsLib": "lunarsLib_2",
        "nixpkgs": [
          "nixpkgs"
        ],
        "nvf": [
          "nvf"
        ],
        "systems": [
          "systems"
        ]
      },
      "locked": {
        "lastModified": 1750191875,
        "narHash": "sha256-SuS8DkaWwDuTHvvtjXAiRrmkpMzkbJH0U8QL7Xk3DIE=",
        "owner": "lunarnovaa",
        "repo": "novavim",
        "rev": "10a8fd437034f6dfb27af92b17285e1eb7a7757a",
        "type": "github"
      },
      "original": {
        "owner": "lunarnovaa",
        "repo": "novavim",
        "type": "github"
      }
    },
    "nvf": {
      "inputs": {
        "flake-parts": [
          "flake-parts"
        ],
        "flake-utils": [
          "flake-utils"
        ],
        "mnw": "mnw",
        "nil": "nil",
        "nixpkgs": [
          "nixpkgs"
        ],
        "systems": [
          "systems"
        ]
      },
      "locked": {
        "lastModified": 1750842150,
        "narHash": "sha256-slD1Nzr7SStRhQgC1WmrIsgrgwgRyag2MAxCSrjrxKg=",
        "owner": "notashelf",
        "repo": "nvf",
        "rev": "f9ee813a230e1c0ba0e1a13e1747fd1b996f08dc",
        "type": "github"
      },
      "original": {
        "owner": "notashelf",
        "repo": "nvf",
        "type": "github"
      }
    },
    "root": {
      "inputs": {
        "agenix": "agenix",
        "basix": "basix",
        "bzmenu": "bzmenu",
        "flake-compat": "flake-compat",
        "flake-parts": "flake-parts",
        "flake-utils": "flake-utils",
        "git-hooks": "git-hooks",
        "hjem": "hjem",
        "hjem-rum": "hjem-rum",
        "impermanence": "impermanence",
        "iwmenu": "iwmenu",
        "lunarsLib": "lunarsLib",
        "ndg": "ndg",
        "nix-minecraft": "nix-minecraft",
        "nixos-hardware": "nixos-hardware",
        "nixpkgs": "nixpkgs_2",
        "novavim": "novavim",
        "nvf": "nvf",
        "rust-overlay": "rust-overlay_2",
        "spicetify-nix": "spicetify-nix",
        "systems": "systems_2",
        "treefmt-nix": "treefmt-nix"
      }
    },
    "rust-overlay": {
      "inputs": {
        "nixpkgs": [
          "hjem",
          "smfh",
          "nixpkgs"
        ]
      },
      "locked": {
        "lastModified": 1747622321,
        "narHash": "sha256-W0dYIWgsUu6rvOJRtKLhKskkv0VhQhJYGNIq+gGUc8g=",
        "owner": "oxalica",
        "repo": "rust-overlay",
        "rev": "bd030fd9983f7fddf87be1c64aa3064c8afa24c4",
        "type": "github"
      },
      "original": {
        "owner": "oxalica",
        "repo": "rust-overlay",
        "type": "github"
      }
    },
    "rust-overlay_2": {
      "inputs": {
        "nixpkgs": [
          "nixpkgs"
        ]
      },
      "locked": {
        "lastModified": 1750905536,
        "narHash": "sha256-Mo7yXM5IvMGNvJPiNkFsVT2UERmnvjsKgnY6UyDdySQ=",
        "owner": "oxalica",
        "repo": "rust-overlay",
        "rev": "2fa7c0aabd15fa0ccc1dc7e675a4fcf0272ad9a1",
        "type": "github"
      },
      "original": {
        "owner": "oxalica",
        "repo": "rust-overlay",
        "type": "github"
      }
    },
    "smfh": {
      "inputs": {
        "nixpkgs": [
          "hjem",
          "nixpkgs"
        ],
        "rust-overlay": "rust-overlay",
        "systems": "systems"
      },
      "locked": {
        "lastModified": 1749547788,
        "narHash": "sha256-n6fd0pb7zd6fVstSzNUEm7qc3NJdPkmDLulGtARQkCI=",
        "owner": "Gerg-L",
        "repo": "smfh",
        "rev": "c2dfd2c142a80d9f4ef3b22b65ba1cc6b6d5d40c",
        "type": "github"
      },
      "original": {
        "owner": "Gerg-L",
        "repo": "smfh",
        "type": "github"
      }
    },
    "spicetify-nix": {
      "inputs": {
        "nixpkgs": [
          "nixpkgs"
        ],
        "systems": [
          "systems"
        ]
      },
      "locked": {
        "lastModified": 1750567035,
        "narHash": "sha256-GVNXxMZynKZt+83QQQEVXscqtkJbScvaBrwianovUW4=",
        "owner": "Gerg-L",
        "repo": "spicetify-nix",
        "rev": "e32285f5d1dfc184b039a813644e226c3914e7d7",
        "type": "github"
      },
      "original": {
        "owner": "Gerg-L",
        "repo": "spicetify-nix",
        "type": "github"
      }
    },
    "systems": {
      "locked": {
        "lastModified": 1681028828,
        "narHash": "sha256-Vy1rq5AaRuLzOxct8nz4T6wlgyUR7zLU309k9mBC768=",
        "owner": "nix-systems",
        "repo": "default",
        "rev": "da67096a3b9bf56a91d16901293e51ba5b49a27e",
        "type": "github"
      },
      "original": {
        "owner": "nix-systems",
        "repo": "default",
        "type": "github"
      }
    },
    "systems_2": {
      "locked": {
        "lastModified": 1680978846,
        "narHash": "sha256-Gtqg8b/v49BFDpDetjclCYXm8mAnTrUzR0JnE2nv5aw=",
        "owner": "nix-systems",
        "repo": "x86_64-linux",
        "rev": "2ecfcac5e15790ba6ce360ceccddb15ad16d08a8",
        "type": "github"
      },
      "original": {
        "owner": "nix-systems",
        "repo": "x86_64-linux",
        "type": "github"
      }
    },
    "treefmt-nix": {
      "inputs": {
        "nixpkgs": [
          "nixpkgs"
        ]
      },
      "locked": {
        "lastModified": 1750931469,
        "narHash": "sha256-0IEdQB1nS+uViQw4k3VGUXntjkDp7aAlqcxdewb/hAc=",
        "owner": "numtide",
        "repo": "treefmt-nix",
        "rev": "ac8e6f32e11e9c7f153823abc3ab007f2a65d3e1",
        "type": "github"
      },
      "original": {
        "owner": "numtide",
        "repo": "treefmt-nix",
        "type": "github"
      }
    }
  },
  "root": "root",
  "version": 7
}
